
Microsoft Visual Studio Solution File, Format Version 12.00
# Visual Studio 14
VisualStudioVersion = 14.0.25123.0
MinimumVisualStudioVersion = 10.0.40219.1
Project("{FAE04EC0-301F-11D3-BF4B-00C04F79EFBC}") = "SearchbarIssue.Droid", "SearchbarIssue.Droid\SearchbarIssue.Droid.csproj", "{31CE8C2D-4D5D-421E-9A71-F7004C9AD305}"
EndProject
Project("{FAE04EC0-301F-11D3-BF4B-00C04F79EFBC}") = "SearchbarIssue.iOS", "SearchbarIssue.iOS\SearchbarIssue.iOS.csproj", "{0DB6FA4E-EBBF-4761-BA56-D531EB11B1F9}"
EndProject
Project("{FAE04EC0-301F-11D3-BF4B-00C04F79EFBC}") = "SearchbarIssue.WinPhone", "SearchbarIssue.WinPhone\SearchbarIssue.WinPhone.csproj", "{210BAE6D-C7AC-455F-9AA9-B2F7664A609C}"
EndProject
Project("{FAE04EC0-301F-11D3-BF4B-00C04F79EFBC}") = "SearchbarIssue.UWP", "SearchbarIssue.UWP\SearchbarIssue.UWP.csproj", "{552C3678-1D6D-4648-89CF-1E8BC4F3885A}"
EndProject
Project("{FAE04EC0-301F-11D3-BF4B-00C04F79EFBC}") = "SearchbarIssue.Windows", "SearchbarIssue.Windows\SearchbarIssue.Windows.csproj", "{74552A97-4CEB-4AE0-89D1-ADD5CEBA0D99}"
EndProject
Project("{FAE04EC0-301F-11D3-BF4B-00C04F79EFBC}") = "SearchbarIssue", "SearchbarIssue\SearchbarIssue.csproj", "{8C55EB3A-002A-4A2C-86A2-A07BCC85FD33}"
EndProject
Global
	GlobalSection(SolutionConfigurationPlatforms) = preSolution
		Ad-Hoc|Any CPU = Ad-Hoc|Any CPU
		Ad-Hoc|ARM = Ad-Hoc|ARM
		Ad-Hoc|iPhone = Ad-Hoc|iPhone
		Ad-Hoc|iPhoneSimulator = Ad-Hoc|iPhoneSimulator
		Ad-Hoc|x64 = Ad-Hoc|x64
		Ad-Hoc|x86 = Ad-Hoc|x86
		AppStore|Any CPU = AppStore|Any CPU
		AppStore|ARM = AppStore|ARM
		AppStore|iPhone = AppStore|iPhone
		AppStore|iPhoneSimulator = AppStore|iPhoneSimulator
		AppStore|x64 = AppStore|x64
		AppStore|x86 = AppStore|x86
		Debug|Any CPU = Debug|Any CPU
		Debug|ARM = Debug|ARM
		Debug|iPhone = Debug|iPhone
		Debug|iPhoneSimulator = Debug|iPhoneSimulator
		Debug|x64 = Debug|x64
		Debug|x86 = Debug|x86
		Release|Any CPU = Release|Any CPU
		Release|ARM = Release|ARM
		Release|iPhone = Release|iPhone
		Release|iPhoneSimulator = Release|iPhoneSimulator
		Release|x64 = Release|x64
		Release|x86 = Release|x86
	EndGlobalSection
	GlobalSection(ProjectConfigurationPlatforms) = postSolution
		{31CE8C2D-4D5D-421E-9A71-F7004C9AD305}.Ad-Hoc|Any CPU.ActiveCfg = Release|Any CPU
		{31CE8C2D-4D5D-421E-9A71-F7004C9AD305}.Ad-Hoc|Any CPU.Build.0 = Release|Any CPU
		{31CE8C2D-4D5D-421E-9A71-F7004C9AD305}.Ad-Hoc|Any CPU.Deploy.0 = Release|Any CPU
		{31CE8C2D-4D5D-421E-9A71-F7004C9AD305}.Ad-Hoc|ARM.ActiveCfg = Release|Any CPU
		{31CE8C2D-4D5D-421E-9A71-F7004C9AD305}.Ad-Hoc|ARM.Build.0 = Release|Any CPU
		{31CE8C2D-4D5D-421E-9A71-F7004C9AD305}.Ad-Hoc|ARM.Deploy.0 = Release|Any CPU
		{31CE8C2D-4D5D-421E-9A71-F7004C9AD305}.Ad-Hoc|iPhone.ActiveCfg = Release|Any CPU
		{31CE8C2D-4D5D-421E-9A71-F7004C9AD305}.Ad-Hoc|iPhone.Build.0 = Release|Any CPU
		{31CE8C2D-4D5D-421E-9A71-F7004C9AD305}.Ad-Hoc|iPhone.Deploy.0 = Release|Any CPU
		{31CE8C2D-4D5D-421E-9A71-F7004C9AD305}.Ad-Hoc|iPhoneSimulator.ActiveCfg = Release|Any CPU
		{31CE8C2D-4D5D-421E-9A71-F7004C9AD305}.Ad-Hoc|iPhoneSimulator.Build.0 = Release|Any CPU
		{31CE8C2D-4D5D-421E-9A71-F7004C9AD305}.Ad-Hoc|iPhoneSimulator.Deploy.0 = Release|Any CPU
		{31CE8C2D-4D5D-421E-9A71-F7004C9AD305}.Ad-Hoc|x64.ActiveCfg = Release|Any CPU
		{31CE8C2D-4D5D-421E-9A71-F7004C9AD305}.Ad-Hoc|x64.Build.0 = Release|Any CPU
		{31CE8C2D-4D5D-421E-9A71-F7004C9AD305}.Ad-Hoc|x64.Deploy.0 = Release|Any CPU
		{31CE8C2D-4D5D-421E-9A71-F7004C9AD305}.Ad-Hoc|x86.ActiveCfg = Release|Any CPU
		{31CE8C2D-4D5D-421E-9A71-F7004C9AD305}.Ad-Hoc|x86.Build.0 = Release|Any CPU
		{31CE8C2D-4D5D-421E-9A71-F7004C9AD305}.Ad-Hoc|x86.Deploy.0 = Release|Any CPU
		{31CE8C2D-4D5D-421E-9A71-F7004C9AD305}.AppStore|Any CPU.ActiveCfg = Release|Any CPU
		{31CE8C2D-4D5D-421E-9A71-F7004C9AD305}.AppStore|Any CPU.Build.0 = Release|Any CPU
		{31CE8C2D-4D5D-421E-9A71-F7004C9AD305}.AppStore|Any CPU.Deploy.0 = Release|Any CPU
		{31CE8C2D-4D5D-421E-9A71-F7004C9AD305}.AppStore|ARM.ActiveCfg = Release|Any CPU
		{31CE8C2D-4D5D-421E-9A71-F7004C9AD305}.AppStore|ARM.Build.0 = Release|Any CPU
		{31CE8C2D-4D5D-421E-9A71-F7004C9AD305}.AppStore|ARM.Deploy.0 = Release|Any CPU
		{31CE8C2D-4D5D-421E-9A71-F7004C9AD305}.AppStore|iPhone.ActiveCfg = Release|Any CPU
		{31CE8C2D-4D5D-421E-9A71-F7004C9AD305}.AppStore|iPhone.Build.0 = Release|Any CPU
		{31CE8C2D-4D5D-421E-9A71-F7004C9AD305}.AppStore|iPhone.Deploy.0 = Release|Any CPU
		{31CE8C2D-4D5D-421E-9A71-F7004C9AD305}.AppStore|iPhoneSimulator.ActiveCfg = Release|Any CPU
		{31CE8C2D-4D5D-421E-9A71-F7004C9AD305}.AppStore|iPhoneSimulator.Build.0 = Release|Any CPU
		{31CE8C2D-4D5D-421E-9A71-F7004C9AD305}.AppStore|iPhoneSimulator.Deploy.0 = Release|Any CPU
		{31CE8C2D-4D5D-421E-9A71-F7004C9AD305}.AppStore|x64.ActiveCfg = Release|Any CPU
		{31CE8C2D-4D5D-421E-9A71-F7004C9AD305}.AppStore|x64.Build.0 = Release|Any CPU
		{31CE8C2D-4D5D-421E-9A71-F7004C9AD305}.AppStore|x64.Deploy.0 = Release|Any CPU
		{31CE8C2D-4D5D-421E-9A71-F7004C9AD305}.AppStore|x86.ActiveCfg = Release|Any CPU
		{31CE8C2D-4D5D-421E-9A71-F7004C9AD305}.AppStore|x86.Build.0 = Release|Any CPU
		{31CE8C2D-4D5D-421E-9A71-F7004C9AD305}.AppStore|x86.Deploy.0 = Release|Any CPU
		{31CE8C2D-4D5D-421E-9A71-F7004C9AD305}.Debug|Any CPU.ActiveCfg = Debug|Any CPU
		{31CE8C2D-4D5D-421E-9A71-F7004C9AD305}.Debug|Any CPU.Build.0 = Debug|Any CPU
		{31CE8C2D-4D5D-421E-9A71-F7004C9AD305}.Debug|Any CPU.Deploy.0 = Debug|Any CPU
		{31CE8C2D-4D5D-421E-9A71-F7004C9AD305}.Debug|ARM.ActiveCfg = Debug|Any CPU
		{31CE8C2D-4D5D-421E-9A71-F7004C9AD305}.Debug|ARM.Build.0 = Debug|Any CPU
		{31CE8C2D-4D5D-421E-9A71-F7004C9AD305}.Debug|ARM.Deploy.0 = Debug|Any CPU
		{31CE8C2D-4D5D-421E-9A71-F7004C9AD305}.Debug|iPhone.ActiveCfg = Debug|Any CPU
		{31CE8C2D-4D5D-421E-9A71-F7004C9AD305}.Debug|iPhone.Build.0 = Debug|Any CPU
		{31CE8C2D-4D5D-421E-9A71-F7004C9AD305}.Debug|iPhone.Deploy.0 = Debug|Any CPU
		{31CE8C2D-4D5D-421E-9A71-F7004C9AD305}.Debug|iPhoneSimulator.ActiveCfg = Debug|Any CPU
		{31CE8C2D-4D5D-421E-9A71-F7004C9AD305}.Debug|iPhoneSimulator.Build.0 = Debug|Any CPU
		{31CE8C2D-4D5D-421E-9A71-F7004C9AD305}.Debug|iPhoneSimulator.Deploy.0 = Debug|Any CPU
		{31CE8C2D-4D5D-421E-9A71-F7004C9AD305}.Debug|x64.ActiveCfg = Debug|Any CPU
		{31CE8C2D-4D5D-421E-9A71-F7004C9AD305}.Debug|x64.Build.0 = Debug|Any CPU
		{31CE8C2D-4D5D-421E-9A71-F7004C9AD305}.Debug|x64.Deploy.0 = Debug|Any CPU
		{31CE8C2D-4D5D-421E-9A71-F7004C9AD305}.Debug|x86.ActiveCfg = Debug|Any CPU
		{31CE8C2D-4D5D-421E-9A71-F7004C9AD305}.Debug|x86.Build.0 = Debug|Any CPU
		{31CE8C2D-4D5D-421E-9A71-F7004C9AD305}.Debug|x86.Deploy.0 = Debug|Any CPU
		{31CE8C2D-4D5D-421E-9A71-F7004C9AD305}.Release|Any CPU.ActiveCfg = Release|Any CPU
		{31CE8C2D-4D5D-421E-9A71-F7004C9AD305}.Release|Any CPU.Build.0 = Release|Any CPU
		{31CE8C2D-4D5D-421E-9A71-F7004C9AD305}.Release|Any CPU.Deploy.0 = Release|Any CPU
		{31CE8C2D-4D5D-421E-9A71-F7004C9AD305}.Release|ARM.ActiveCfg = Release|Any CPU
		{31CE8C2D-4D5D-421E-9A71-F7004C9AD305}.Release|ARM.Build.0 = Release|Any CPU
		{31CE8C2D-4D5D-421E-9A71-F7004C9AD305}.Release|ARM.Deploy.0 = Release|Any CPU
		{31CE8C2D-4D5D-421E-9A71-F7004C9AD305}.Release|iPhone.ActiveCfg = Release|Any CPU
		{31CE8C2D-4D5D-421E-9A71-F7004C9AD305}.Release|iPhone.Build.0 = Release|Any CPU
		{31CE8C2D-4D5D-421E-9A71-F7004C9AD305}.Release|iPhone.Deploy.0 = Release|Any CPU
		{31CE8C2D-4D5D-421E-9A71-F7004C9AD305}.Release|iPhoneSimulator.ActiveCfg = Release|Any CPU
		{31CE8C2D-4D5D-421E-9A71-F7004C9AD305}.Release|iPhoneSimulator.Build.0 = Release|Any CPU
		{31CE8C2D-4D5D-421E-9A71-F7004C9AD305}.Release|iPhoneSimulator.Deploy.0 = Release|Any CPU
		{31CE8C2D-4D5D-421E-9A71-F7004C9AD305}.Release|x64.ActiveCfg = Release|Any CPU
		{31CE8C2D-4D5D-421E-9A71-F7004C9AD305}.Release|x64.Build.0 = Release|Any CPU
		{31CE8C2D-4D5D-421E-9A71-F7004C9AD305}.Release|x64.Deploy.0 = Release|Any CPU
		{31CE8C2D-4D5D-421E-9A71-F7004C9AD305}.Release|x86.ActiveCfg = Release|Any CPU
		{31CE8C2D-4D5D-421E-9A71-F7004C9AD305}.Release|x86.Build.0 = Release|Any CPU
		{31CE8C2D-4D5D-421E-9A71-F7004C9AD305}.Release|x86.Deploy.0 = Release|Any CPU
		{0DB6FA4E-EBBF-4761-BA56-D531EB11B1F9}.Ad-Hoc|Any CPU.ActiveCfg = Ad-Hoc|iPhone
		{0DB6FA4E-EBBF-4761-BA56-D531EB11B1F9}.Ad-Hoc|ARM.ActiveCfg = Ad-Hoc|iPhone
		{0DB6FA4E-EBBF-4761-BA56-D531EB11B1F9}.Ad-Hoc|iPhone.ActiveCfg = Ad-Hoc|iPhone
		{0DB6FA4E-EBBF-4761-BA56-D531EB11B1F9}.Ad-Hoc|iPhone.Build.0 = Ad-Hoc|iPhone
		{0DB6FA4E-EBBF-4761-BA56-D531EB11B1F9}.Ad-Hoc|iPhoneSimulator.ActiveCfg = Ad-Hoc|iPhoneSimulator
		{0DB6FA4E-EBBF-4761-BA56-D531EB11B1F9}.Ad-Hoc|iPhoneSimulator.Build.0 = Ad-Hoc|iPhoneSimulator
		{0DB6FA4E-EBBF-4761-BA56-D531EB11B1F9}.Ad-Hoc|x64.ActiveCfg = Ad-Hoc|iPhone
		{0DB6FA4E-EBBF-4761-BA56-D531EB11B1F9}.Ad-Hoc|x86.ActiveCfg = Ad-Hoc|iPhone
		{0DB6FA4E-EBBF-4761-BA56-D531EB11B1F9}.AppStore|Any CPU.ActiveCfg = AppStore|iPhone
		{0DB6FA4E-EBBF-4761-BA56-D531EB11B1F9}.AppStore|ARM.ActiveCfg = AppStore|iPhone
		{0DB6FA4E-EBBF-4761-BA56-D531EB11B1F9}.AppStore|iPhone.ActiveCfg = AppStore|iPhone
		{0DB6FA4E-EBBF-4761-BA56-D531EB11B1F9}.AppStore|iPhone.Build.0 = AppStore|iPhone
		{0DB6FA4E-EBBF-4761-BA56-D531EB11B1F9}.AppStore|iPhoneSimulator.ActiveCfg = AppStore|iPhoneSimulator
		{0DB6FA4E-EBBF-4761-BA56-D531EB11B1F9}.AppStore|iPhoneSimulator.Build.0 = AppStore|iPhoneSimulator
		{0DB6FA4E-EBBF-4761-BA56-D531EB11B1F9}.AppStore|x64.ActiveCfg = AppStore|iPhone
		{0DB6FA4E-EBBF-4761-BA56-D531EB11B1F9}.AppStore|x86.ActiveCfg = AppStore|iPhone
		{0DB6FA4E-EBBF-4761-BA56-D531EB11B1F9}.Debug|Any CPU.ActiveCfg = Debug|iPhone
		{0DB6FA4E-EBBF-4761-BA56-D531EB11B1F9}.Debug|ARM.ActiveCfg = Debug|iPhone
		{0DB6FA4E-EBBF-4761-BA56-D531EB11B1F9}.Debug|iPhone.ActiveCfg = Debug|iPhone
		{0DB6FA4E-EBBF-4761-BA56-D531EB11B1F9}.Debug|iPhone.Build.0 = Debug|iPhone
		{0DB6FA4E-EBBF-4761-BA56-D531EB11B1F9}.Debug|iPhoneSimulator.ActiveCfg = Debug|iPhoneSimulator
		{0DB6FA4E-EBBF-4761-BA56-D531EB11B1F9}.Debug|iPhoneSimulator.Build.0 = Debug|iPhoneSimulator
		{0DB6FA4E-EBBF-4761-BA56-D531EB11B1F9}.Debug|x64.ActiveCfg = Debug|iPhone
		{0DB6FA4E-EBBF-4761-BA56-D531EB11B1F9}.Debug|x86.ActiveCfg = Debug|iPhone
		{0DB6FA4E-EBBF-4761-BA56-D531EB11B1F9}.Release|Any CPU.ActiveCfg = Release|iPhone
		{0DB6FA4E-EBBF-4761-BA56-D531EB11B1F9}.Release|ARM.ActiveCfg = Release|iPhone
		{0DB6FA4E-EBBF-4761-BA56-D531EB11B1F9}.Release|iPhone.ActiveCfg = Release|iPhone
		{0DB6FA4E-EBBF-4761-BA56-D531EB11B1F9}.Release|iPhone.Build.0 = Release|iPhone
		{0DB6FA4E-EBBF-4761-BA56-D531EB11B1F9}.Release|iPhoneSimulator.ActiveCfg = Release|iPhoneSimulator
		{0DB6FA4E-EBBF-4761-BA56-D531EB11B1F9}.Release|iPhoneSimulator.Build.0 = Release|iPhoneSimulator
		{0DB6FA4E-EBBF-4761-BA56-D531EB11B1F9}.Release|x64.ActiveCfg = Release|iPhone
		{0DB6FA4E-EBBF-4761-BA56-D531EB11B1F9}.Release|x86.ActiveCfg = Release|iPhone
		{210BAE6D-C7AC-455F-9AA9-B2F7664A609C}.Ad-Hoc|Any CPU.ActiveCfg = Release|Any CPU
		{210BAE6D-C7AC-455F-9AA9-B2F7664A609C}.Ad-Hoc|Any CPU.Build.0 = Release|Any CPU
		{210BAE6D-C7AC-455F-9AA9-B2F7664A609C}.Ad-Hoc|Any CPU.Deploy.0 = Release|Any CPU
		{210BAE6D-C7AC-455F-9AA9-B2F7664A609C}.Ad-Hoc|ARM.ActiveCfg = Release|ARM
		{210BAE6D-C7AC-455F-9AA9-B2F7664A609C}.Ad-Hoc|ARM.Build.0 = Release|ARM
		{210BAE6D-C7AC-455F-9AA9-B2F7664A609C}.Ad-Hoc|ARM.Deploy.0 = Release|ARM
		{210BAE6D-C7AC-455F-9AA9-B2F7664A609C}.Ad-Hoc|iPhone.ActiveCfg = Release|Any CPU
		{210BAE6D-C7AC-455F-9AA9-B2F7664A609C}.Ad-Hoc|iPhone.Build.0 = Release|Any CPU
		{210BAE6D-C7AC-455F-9AA9-B2F7664A609C}.Ad-Hoc|iPhone.Deploy.0 = Release|Any CPU
		{210BAE6D-C7AC-455F-9AA9-B2F7664A609C}.Ad-Hoc|iPhoneSimulator.ActiveCfg = Release|Any CPU
		{210BAE6D-C7AC-455F-9AA9-B2F7664A609C}.Ad-Hoc|iPhoneSimulator.Build.0 = Release|Any CPU
		{210BAE6D-C7AC-455F-9AA9-B2F7664A609C}.Ad-Hoc|iPhoneSimulator.Deploy.0 = Release|Any CPU
		{210BAE6D-C7AC-455F-9AA9-B2F7664A609C}.Ad-Hoc|x64.ActiveCfg = Release|Any CPU
		{210BAE6D-C7AC-455F-9AA9-B2F7664A609C}.Ad-Hoc|x64.Build.0 = Release|Any CPU
		{210BAE6D-C7AC-455F-9AA9-B2F7664A609C}.Ad-Hoc|x64.Deploy.0 = Release|Any CPU
		{210BAE6D-C7AC-455F-9AA9-B2F7664A609C}.Ad-Hoc|x86.ActiveCfg = Release|x86
		{210BAE6D-C7AC-455F-9AA9-B2F7664A609C}.Ad-Hoc|x86.Build.0 = Release|x86
		{210BAE6D-C7AC-455F-9AA9-B2F7664A609C}.Ad-Hoc|x86.Deploy.0 = Release|x86
		{210BAE6D-C7AC-455F-9AA9-B2F7664A609C}.AppStore|Any CPU.ActiveCfg = Release|Any CPU
		{210BAE6D-C7AC-455F-9AA9-B2F7664A609C}.AppStore|Any CPU.Build.0 = Release|Any CPU
		{210BAE6D-C7AC-455F-9AA9-B2F7664A609C}.AppStore|Any CPU.Deploy.0 = Release|Any CPU
		{210BAE6D-C7AC-455F-9AA9-B2F7664A609C}.AppStore|ARM.ActiveCfg = Release|ARM
		{210BAE6D-C7AC-455F-9AA9-B2F7664A609C}.AppStore|ARM.Build.0 = Release|ARM
		{210BAE6D-C7AC-455F-9AA9-B2F7664A609C}.AppStore|ARM.Deploy.0 = Release|ARM
		{210BAE6D-C7AC-455F-9AA9-B2F7664A609C}.AppStore|iPhone.ActiveCfg = Release|Any CPU
		{210BAE6D-C7AC-455F-9AA9-B2F7664A609C}.AppStore|iPhone.Build.0 = Release|Any CPU
		{210BAE6D-C7AC-455F-9AA9-B2F7664A609C}.AppStore|iPhone.Deploy.0 = Release|Any CPU
		{210BAE6D-C7AC-455F-9AA9-B2F7664A609C}.AppStore|iPhoneSimulator.ActiveCfg = Release|Any CPU
		{210BAE6D-C7AC-455F-9AA9-B2F7664A609C}.AppStore|iPhoneSimulator.Build.0 = Release|Any CPU
		{210BAE6D-C7AC-455F-9AA9-B2F7664A609C}.AppStore|iPhoneSimulator.Deploy.0 = Release|Any CPU
		{210BAE6D-C7AC-455F-9AA9-B2F7664A609C}.AppStore|x64.ActiveCfg = Release|Any CPU
		{210BAE6D-C7AC-455F-9AA9-B2F7664A609C}.AppStore|x64.Build.0 = Release|Any CPU
		{210BAE6D-C7AC-455F-9AA9-B2F7664A609C}.AppStore|x64.Deploy.0 = Release|Any CPU
		{210BAE6D-C7AC-455F-9AA9-B2F7664A609C}.AppStore|x86.ActiveCfg = Release|x86
		{210BAE6D-C7AC-455F-9AA9-B2F7664A609C}.AppStore|x86.Build.0 = Release|x86
		{210BAE6D-C7AC-455F-9AA9-B2F7664A609C}.AppStore|x86.Deploy.0 = Release|x86
		{210BAE6D-C7AC-455F-9AA9-B2F7664A609C}.Debug|Any CPU.ActiveCfg = Debug|Any CPU
		{210BAE6D-C7AC-455F-9AA9-B2F7664A609C}.Debug|Any CPU.Build.0 = Debug|Any CPU
		{210BAE6D-C7AC-455F-9AA9-B2F7664A609C}.Debug|Any CPU.Deploy.0 = Debug|Any CPU
		{210BAE6D-C7AC-455F-9AA9-B2F7664A609C}.Debug|ARM.ActiveCfg = Debug|ARM
		{210BAE6D-C7AC-455F-9AA9-B2F7664A609C}.Debug|ARM.Build.0 = Debug|ARM
		{210BAE6D-C7AC-455F-9AA9-B2F7664A609C}.Debug|ARM.Deploy.0 = Debug|ARM
		{210BAE6D-C7AC-455F-9AA9-B2F7664A609C}.Debug|iPhone.ActiveCfg = Debug|Any CPU
		{210BAE6D-C7AC-455F-9AA9-B2F7664A609C}.Debug|iPhone.Build.0 = Debug|Any CPU
		{210BAE6D-C7AC-455F-9AA9-B2F7664A609C}.Debug|iPhone.Deploy.0 = Debug|Any CPU
		{210BAE6D-C7AC-455F-9AA9-B2F7664A609C}.Debug|iPhoneSimulator.ActiveCfg = Debug|Any CPU
		{210BAE6D-C7AC-455F-9AA9-B2F7664A609C}.Debug|iPhoneSimulator.Build.0 = Debug|Any CPU
		{210BAE6D-C7AC-455F-9AA9-B2F7664A609C}.Debug|iPhoneSimulator.Deploy.0 = Debug|Any CPU
		{210BAE6D-C7AC-455F-9AA9-B2F7664A609C}.Debug|x64.ActiveCfg = Debug|Any CPU
		{210BAE6D-C7AC-455F-9AA9-B2F7664A609C}.Debug|x64.Build.0 = Debug|Any CPU
		{210BAE6D-C7AC-455F-9AA9-B2F7664A609C}.Debug|x64.Deploy.0 = Debug|Any CPU
		{210BAE6D-C7AC-455F-9AA9-B2F7664A609C}.Debug|x86.ActiveCfg = Debug|x86
		{210BAE6D-C7AC-455F-9AA9-B2F7664A609C}.Debug|x86.Build.0 = Debug|x86
		{210BAE6D-C7AC-455F-9AA9-B2F7664A609C}.Debug|x86.Deploy.0 = Debug|x86
		{210BAE6D-C7AC-455F-9AA9-B2F7664A609C}.Release|Any CPU.ActiveCfg = Release|Any CPU
		{210BAE6D-C7AC-455F-9AA9-B2F7664A609C}.Release|Any CPU.Build.0 = Release|Any CPU
		{210BAE6D-C7AC-455F-9AA9-B2F7664A609C}.Release|Any CPU.Deploy.0 = Release|Any CPU
		{210BAE6D-C7AC-455F-9AA9-B2F7664A609C}.Release|ARM.ActiveCfg = Release|ARM
		{210BAE6D-C7AC-455F-9AA9-B2F7664A609C}.Release|ARM.Build.0 = Release|ARM
		{210BAE6D-C7AC-455F-9AA9-B2F7664A609C}.Release|ARM.Deploy.0 = Release|ARM
		{210BAE6D-C7AC-455F-9AA9-B2F7664A609C}.Release|iPhone.ActiveCfg = Release|Any CPU
		{210BAE6D-C7AC-455F-9AA9-B2F7664A609C}.Release|iPhone.Build.0 = Release|Any CPU
		{210BAE6D-C7AC-455F-9AA9-B2F7664A609C}.Release|iPhone.Deploy.0 = Release|Any CPU
		{210BAE6D-C7AC-455F-9AA9-B2F7664A609C}.Release|iPhoneSimulator.ActiveCfg = Release|Any CPU
		{210BAE6D-C7AC-455F-9AA9-B2F7664A609C}.Release|iPhoneSimulator.Build.0 = Release|Any CPU
		{210BAE6D-C7AC-455F-9AA9-B2F7664A609C}.Release|iPhoneSimulator.Deploy.0 = Release|Any CPU
		{210BAE6D-C7AC-455F-9AA9-B2F7664A609C}.Release|x64.ActiveCfg = Release|Any CPU
		{210BAE6D-C7AC-455F-9AA9-B2F7664A609C}.Release|x64.Build.0 = Release|Any CPU
		{210BAE6D-C7AC-455F-9AA9-B2F7664A609C}.Release|x64.Deploy.0 = Release|Any CPU
		{210BAE6D-C7AC-455F-9AA9-B2F7664A609C}.Release|x86.ActiveCfg = Release|x86
		{210BAE6D-C7AC-455F-9AA9-B2F7664A609C}.Release|x86.Build.0 = Release|x86
		{210BAE6D-C7AC-455F-9AA9-B2F7664A609C}.Release|x86.Deploy.0 = Release|x86
		{552C3678-1D6D-4648-89CF-1E8BC4F3885A}.Ad-Hoc|Any CPU.ActiveCfg = Release|x86
		{552C3678-1D6D-4648-89CF-1E8BC4F3885A}.Ad-Hoc|Any CPU.Build.0 = Release|x86
		{552C3678-1D6D-4648-89CF-1E8BC4F3885A}.Ad-Hoc|Any CPU.Deploy.0 = Release|x86
		{552C3678-1D6D-4648-89CF-1E8BC4F3885A}.Ad-Hoc|ARM.ActiveCfg = Release|ARM
		{552C3678-1D6D-4648-89CF-1E8BC4F3885A}.Ad-Hoc|ARM.Build.0 = Release|ARM
		{552C3678-1D6D-4648-89CF-1E8BC4F3885A}.Ad-Hoc|ARM.Deploy.0 = Release|ARM
		{552C3678-1D6D-4648-89CF-1E8BC4F3885A}.Ad-Hoc|iPhone.ActiveCfg = Release|x86
		{552C3678-1D6D-4648-89CF-1E8BC4F3885A}.Ad-Hoc|iPhone.Build.0 = Release|x86
		{552C3678-1D6D-4648-89CF-1E8BC4F3885A}.Ad-Hoc|iPhone.Deploy.0 = Release|x86
		{552C3678-1D6D-4648-89CF-1E8BC4F3885A}.Ad-Hoc|iPhoneSimulator.ActiveCfg = Release|x86
		{552C3678-1D6D-4648-89CF-1E8BC4F3885A}.Ad-Hoc|iPhoneSimulator.Build.0 = Release|x86
		{552C3678-1D6D-4648-89CF-1E8BC4F3885A}.Ad-Hoc|iPhoneSimulator.Deploy.0 = Release|x86
		{552C3678-1D6D-4648-89CF-1E8BC4F3885A}.Ad-Hoc|x64.ActiveCfg = Release|x64
		{552C3678-1D6D-4648-89CF-1E8BC4F3885A}.Ad-Hoc|x64.Build.0 = Release|x64
		{552C3678-1D6D-4648-89CF-1E8BC4F3885A}.Ad-Hoc|x64.Deploy.0 = Release|x64
		{552C3678-1D6D-4648-89CF-1E8BC4F3885A}.Ad-Hoc|x86.ActiveCfg = Release|x86
		{552C3678-1D6D-4648-89CF-1E8BC4F3885A}.Ad-Hoc|x86.Build.0 = Release|x86
		{552C3678-1D6D-4648-89CF-1E8BC4F3885A}.Ad-Hoc|x86.Deploy.0 = Release|x86
		{552C3678-1D6D-4648-89CF-1E8BC4F3885A}.AppStore|Any CPU.ActiveCfg = Release|x86
		{552C3678-1D6D-4648-89CF-1E8BC4F3885A}.AppStore|Any CPU.Build.0 = Release|x86
		{552C3678-1D6D-4648-89CF-1E8BC4F3885A}.AppStore|Any CPU.Deploy.0 = Release|x86
		{552C3678-1D6D-4648-89CF-1E8BC4F3885A}.AppStore|ARM.ActiveCfg = Release|ARM
		{552C3678-1D6D-4648-89CF-1E8BC4F3885A}.AppStore|ARM.Build.0 = Release|ARM
		{552C3678-1D6D-4648-89CF-1E8BC4F3885A}.AppStore|ARM.Deploy.0 = Release|ARM
		{552C3678-1D6D-4648-89CF-1E8BC4F3885A}.AppStore|iPhone.ActiveCfg = Release|x86
		{552C3678-1D6D-4648-89CF-1E8BC4F3885A}.AppStore|iPhone.Build.0 = Release|x86
		{552C3678-1D6D-4648-89CF-1E8BC4F3885A}.AppStore|iPhone.Deploy.0 = Release|x86
		{552C3678-1D6D-4648-89CF-1E8BC4F3885A}.AppStore|iPhoneSimulator.ActiveCfg = Release|x86
		{552C3678-1D6D-4648-89CF-1E8BC4F3885A}.AppStore|iPhoneSimulator.Build.0 = Release|x86
		{552C3678-1D6D-4648-89CF-1E8BC4F3885A}.AppStore|iPhoneSimulator.Deploy.0 = Release|x86
		{552C3678-1D6D-4648-89CF-1E8BC4F3885A}.AppStore|x64.ActiveCfg = Release|x64
		{552C3678-1D6D-4648-89CF-1E8BC4F3885A}.AppStore|x64.Build.0 = Release|x64
		{552C3678-1D6D-4648-89CF-1E8BC4F3885A}.AppStore|x64.Deploy.0 = Release|x64
		{552C3678-1D6D-4648-89CF-1E8BC4F3885A}.AppStore|x86.ActiveCfg = Release|x86
		{552C3678-1D6D-4648-89CF-1E8BC4F3885A}.AppStore|x86.Build.0 = Release|x86
		{552C3678-1D6D-4648-89CF-1E8BC4F3885A}.AppStore|x86.Deploy.0 = Release|x86
		{552C3678-1D6D-4648-89CF-1E8BC4F3885A}.Debug|Any CPU.ActiveCfg = Debug|x86
		{552C3678-1D6D-4648-89CF-1E8BC4F3885A}.Debug|ARM.ActiveCfg = Debug|ARM
		{552C3678-1D6D-4648-89CF-1E8BC4F3885A}.Debug|ARM.Build.0 = Debug|ARM
		{552C3678-1D6D-4648-89CF-1E8BC4F3885A}.Debug|ARM.Deploy.0 = Debug|ARM
		{552C3678-1D6D-4648-89CF-1E8BC4F3885A}.Debug|iPhone.ActiveCfg = Debug|x86
		{552C3678-1D6D-4648-89CF-1E8BC4F3885A}.Debug|iPhoneSimulator.ActiveCfg = Debug|x86
		{552C3678-1D6D-4648-89CF-1E8BC4F3885A}.Debug|x64.ActiveCfg = Debug|x64
		{552C3678-1D6D-4648-89CF-1E8BC4F3885A}.Debug|x64.Build.0 = Debug|x64
		{552C3678-1D6D-4648-89CF-1E8BC4F3885A}.Debug|x64.Deploy.0 = Debug|x64
		{552C3678-1D6D-4648-89CF-1E8BC4F3885A}.Debug|x86.ActiveCfg = Debug|x86
		{552C3678-1D6D-4648-89CF-1E8BC4F3885A}.Debug|x86.Build.0 = Debug|x86
		{552C3678-1D6D-4648-89CF-1E8BC4F3885A}.Debug|x86.Deploy.0 = Debug|x86
		{552C3678-1D6D-4648-89CF-1E8BC4F3885A}.Release|Any CPU.ActiveCfg = Release|x86
		{552C3678-1D6D-4648-89CF-1E8BC4F3885A}.Release|ARM.ActiveCfg = Release|ARM
		{552C3678-1D6D-4648-89CF-1E8BC4F3885A}.Release|ARM.Build.0 = Release|ARM
		{552C3678-1D6D-4648-89CF-1E8BC4F3885A}.Release|ARM.Deploy.0 = Release|ARM
		{552C3678-1D6D-4648-89CF-1E8BC4F3885A}.Release|iPhone.ActiveCfg = Release|x86
		{552C3678-1D6D-4648-89CF-1E8BC4F3885A}.Release|iPhoneSimulator.ActiveCfg = Release|x86
		{552C3678-1D6D-4648-89CF-1E8BC4F3885A}.Release|x64.ActiveCfg = Release|x64
		{552C3678-1D6D-4648-89CF-1E8BC4F3885A}.Release|x64.Build.0 = Release|x64
		{552C3678-1D6D-4648-89CF-1E8BC4F3885A}.Release|x64.Deploy.0 = Release|x64
		{552C3678-1D6D-4648-89CF-1E8BC4F3885A}.Release|x86.ActiveCfg = Release|x86
		{552C3678-1D6D-4648-89CF-1E8BC4F3885A}.Release|x86.Build.0 = Release|x86
		{552C3678-1D6D-4648-89CF-1E8BC4F3885A}.Release|x86.Deploy.0 = Release|x86
		{74552A97-4CEB-4AE0-89D1-ADD5CEBA0D99}.Ad-Hoc|Any CPU.ActiveCfg = Release|Any CPU
		{74552A97-4CEB-4AE0-89D1-ADD5CEBA0D99}.Ad-Hoc|Any CPU.Build.0 = Release|Any CPU
		{74552A97-4CEB-4AE0-89D1-ADD5CEBA0D99}.Ad-Hoc|Any CPU.Deploy.0 = Release|Any CPU
		{74552A97-4CEB-4AE0-89D1-ADD5CEBA0D99}.Ad-Hoc|ARM.ActiveCfg = Release|ARM
		{74552A97-4CEB-4AE0-89D1-ADD5CEBA0D99}.Ad-Hoc|ARM.Build.0 = Release|ARM
		{74552A97-4CEB-4AE0-89D1-ADD5CEBA0D99}.Ad-Hoc|ARM.Deploy.0 = Release|ARM
		{74552A97-4CEB-4AE0-89D1-ADD5CEBA0D99}.Ad-Hoc|iPhone.ActiveCfg = Release|Any CPU
		{74552A97-4CEB-4AE0-89D1-ADD5CEBA0D99}.Ad-Hoc|iPhone.Build.0 = Release|Any CPU
		{74552A97-4CEB-4AE0-89D1-ADD5CEBA0D99}.Ad-Hoc|iPhone.Deploy.0 = Release|Any CPU
		{74552A97-4CEB-4AE0-89D1-ADD5CEBA0D99}.Ad-Hoc|iPhoneSimulator.ActiveCfg = Release|Any CPU
		{74552A97-4CEB-4AE0-89D1-ADD5CEBA0D99}.Ad-Hoc|iPhoneSimulator.Build.0 = Release|Any CPU
		{74552A97-4CEB-4AE0-89D1-ADD5CEBA0D99}.Ad-Hoc|iPhoneSimulator.Deploy.0 = Release|Any CPU
		{74552A97-4CEB-4AE0-89D1-ADD5CEBA0D99}.Ad-Hoc|x64.ActiveCfg = Release|x64
		{74552A97-4CEB-4AE0-89D1-ADD5CEBA0D99}.Ad-Hoc|x64.Build.0 = Release|x64
		{74552A97-4CEB-4AE0-89D1-ADD5CEBA0D99}.Ad-Hoc|x64.Deploy.0 = Release|x64
		{74552A97-4CEB-4AE0-89D1-ADD5CEBA0D99}.Ad-Hoc|x86.ActiveCfg = Release|x86
		{74552A97-4CEB-4AE0-89D1-ADD5CEBA0D99}.Ad-Hoc|x86.Build.0 = Release|x86
		{74552A97-4CEB-4AE0-89D1-ADD5CEBA0D99}.Ad-Hoc|x86.Deploy.0 = Release|x86
		{74552A97-4CEB-4AE0-89D1-ADD5CEBA0D99}.AppStore|Any CPU.ActiveCfg = Release|Any CPU
		{74552A97-4CEB-4AE0-89D1-ADD5CEBA0D99}.AppStore|Any CPU.Build.0 = Release|Any CPU
		{74552A97-4CEB-4AE0-89D1-ADD5CEBA0D99}.AppStore|Any CPU.Deploy.0 = Release|Any CPU
		{74552A97-4CEB-4AE0-89D1-ADD5CEBA0D99}.AppStore|ARM.ActiveCfg = Release|ARM
		{74552A97-4CEB-4AE0-89D1-ADD5CEBA0D99}.AppStore|ARM.Build.0 = Release|ARM
		{74552A97-4CEB-4AE0-89D1-ADD5CEBA0D99}.AppStore|ARM.Deploy.0 = Release|ARM
		{74552A97-4CEB-4AE0-89D1-ADD5CEBA0D99}.AppStore|iPhone.ActiveCfg = Release|Any CPU
		{74552A97-4CEB-4AE0-89D1-ADD5CEBA0D99}.AppStore|iPhone.Build.0 = Release|Any CPU
		{74552A97-4CEB-4AE0-89D1-ADD5CEBA0D99}.AppStore|iPhone.Deploy.0 = Release|Any CPU
		{74552A97-4CEB-4AE0-89D1-ADD5CEBA0D99}.AppStore|iPhoneSimulator.ActiveCfg = Release|Any CPU
		{74552A97-4CEB-4AE0-89D1-ADD5CEBA0D99}.AppStore|iPhoneSimulator.Build.0 = Release|Any CPU
		{74552A97-4CEB-4AE0-89D1-ADD5CEBA0D99}.AppStore|iPhoneSimulator.Deploy.0 = Release|Any CPU
		{74552A97-4CEB-4AE0-89D1-ADD5CEBA0D99}.AppStore|x64.ActiveCfg = Release|x64
		{74552A97-4CEB-4AE0-89D1-ADD5CEBA0D99}.AppStore|x64.Build.0 = Release|x64
		{74552A97-4CEB-4AE0-89D1-ADD5CEBA0D99}.AppStore|x64.Deploy.0 = Release|x64
		{74552A97-4CEB-4AE0-89D1-ADD5CEBA0D99}.AppStore|x86.ActiveCfg = Release|x86
		{74552A97-4CEB-4AE0-89D1-ADD5CEBA0D99}.AppStore|x86.Build.0 = Release|x86
		{74552A97-4CEB-4AE0-89D1-ADD5CEBA0D99}.AppStore|x86.Deploy.0 = Release|x86
		{74552A97-4CEB-4AE0-89D1-ADD5CEBA0D99}.Debug|Any CPU.ActiveCfg = Debug|Any CPU
		{74552A97-4CEB-4AE0-89D1-ADD5CEBA0D99}.Debug|Any CPU.Build.0 = Debug|Any CPU
		{74552A97-4CEB-4AE0-89D1-ADD5CEBA0D99}.Debug|Any CPU.Deploy.0 = Debug|Any CPU
		{74552A97-4CEB-4AE0-89D1-ADD5CEBA0D99}.Debug|ARM.ActiveCfg = Debug|ARM
		{74552A97-4CEB-4AE0-89D1-ADD5CEBA0D99}.Debug|ARM.Build.0 = Debug|ARM
		{74552A97-4CEB-4AE0-89D1-ADD5CEBA0D99}.Debug|ARM.Deploy.0 = Debug|ARM
		{74552A97-4CEB-4AE0-89D1-ADD5CEBA0D99}.Debug|iPhone.ActiveCfg = Debug|Any CPU
		{74552A97-4CEB-4AE0-89D1-ADD5CEBA0D99}.Debug|iPhone.Build.0 = Debug|Any CPU
		{74552A97-4CEB-4AE0-89D1-ADD5CEBA0D99}.Debug|iPhone.Deploy.0 = Debug|Any CPU
		{74552A97-4CEB-4AE0-89D1-ADD5CEBA0D99}.Debug|iPhoneSimulator.ActiveCfg = Debug|Any CPU
		{74552A97-4CEB-4AE0-89D1-ADD5CEBA0D99}.Debug|iPhoneSimulator.Build.0 = Debug|Any CPU
		{74552A97-4CEB-4AE0-89D1-ADD5CEBA0D99}.Debug|iPhoneSimulator.Deploy.0 = Debug|Any CPU
		{74552A97-4CEB-4AE0-89D1-ADD5CEBA0D99}.Debug|x64.ActiveCfg = Debug|x64
		{74552A97-4CEB-4AE0-89D1-ADD5CEBA0D99}.Debug|x64.Build.0 = Debug|x64
		{74552A97-4CEB-4AE0-89D1-ADD5CEBA0D99}.Debug|x64.Deploy.0 = Debug|x64
		{74552A97-4CEB-4AE0-89D1-ADD5CEBA0D99}.Debug|x86.ActiveCfg = Debug|x86
		{74552A97-4CEB-4AE0-89D1-ADD5CEBA0D99}.Debug|x86.Build.0 = Debug|x86
		{74552A97-4CEB-4AE0-89D1-ADD5CEBA0D99}.Debug|x86.Deploy.0 = Debug|x86
		{74552A97-4CEB-4AE0-89D1-ADD5CEBA0D99}.Release|Any CPU.ActiveCfg = Release|Any CPU
		{74552A97-4CEB-4AE0-89D1-ADD5CEBA0D99}.Release|Any CPU.Build.0 = Release|Any CPU
		{74552A97-4CEB-4AE0-89D1-ADD5CEBA0D99}.Release|Any CPU.Deploy.0 = Release|Any CPU
		{74552A97-4CEB-4AE0-89D1-ADD5CEBA0D99}.Release|ARM.ActiveCfg = Release|ARM
		{74552A97-4CEB-4AE0-89D1-ADD5CEBA0D99}.Release|ARM.Build.0 = Release|ARM
		{74552A97-4CEB-4AE0-89D1-ADD5CEBA0D99}.Release|ARM.Deploy.0 = Release|ARM
		{74552A97-4CEB-4AE0-89D1-ADD5CEBA0D99}.Release|iPhone.ActiveCfg = Release|Any CPU
		{74552A97-4CEB-4AE0-89D1-ADD5CEBA0D99}.Release|iPhone.Build.0 = Release|Any CPU
		{74552A97-4CEB-4AE0-89D1-ADD5CEBA0D99}.Release|iPhone.Deploy.0 = Release|Any CPU
		{74552A97-4CEB-4AE0-89D1-ADD5CEBA0D99}.Release|iPhoneSimulator.ActiveCfg = Release|Any CPU
		{74552A97-4CEB-4AE0-89D1-ADD5CEBA0D99}.Release|iPhoneSimulator.Build.0 = Release|Any CPU
		{74552A97-4CEB-4AE0-89D1-ADD5CEBA0D99}.Release|iPhoneSimulator.Deploy.0 = Release|Any CPU
		{74552A97-4CEB-4AE0-89D1-ADD5CEBA0D99}.Release|x64.ActiveCfg = Release|x64
		{74552A97-4CEB-4AE0-89D1-ADD5CEBA0D99}.Release|x64.Build.0 = Release|x64
		{74552A97-4CEB-4AE0-89D1-ADD5CEBA0D99}.Release|x64.Deploy.0 = Release|x64
		{74552A97-4CEB-4AE0-89D1-ADD5CEBA0D99}.Release|x86.ActiveCfg = Release|x86
		{74552A97-4CEB-4AE0-89D1-ADD5CEBA0D99}.Release|x86.Build.0 = Release|x86
		{74552A97-4CEB-4AE0-89D1-ADD5CEBA0D99}.Release|x86.Deploy.0 = Release|x86
		{8C55EB3A-002A-4A2C-86A2-A07BCC85FD33}.Ad-Hoc|Any CPU.ActiveCfg = Release|Any CPU
		{8C55EB3A-002A-4A2C-86A2-A07BCC85FD33}.Ad-Hoc|Any CPU.Build.0 = Release|Any CPU
		{8C55EB3A-002A-4A2C-86A2-A07BCC85FD33}.Ad-Hoc|ARM.ActiveCfg = Release|Any CPU
		{8C55EB3A-002A-4A2C-86A2-A07BCC85FD33}.Ad-Hoc|ARM.Build.0 = Release|Any CPU
		{8C55EB3A-002A-4A2C-86A2-A07BCC85FD33}.Ad-Hoc|iPhone.ActiveCfg = Release|Any CPU
		{8C55EB3A-002A-4A2C-86A2-A07BCC85FD33}.Ad-Hoc|iPhone.Build.0 = Release|Any CPU
		{8C55EB3A-002A-4A2C-86A2-A07BCC85FD33}.Ad-Hoc|iPhoneSimulator.ActiveCfg = Release|Any CPU
		{8C55EB3A-002A-4A2C-86A2-A07BCC85FD33}.Ad-Hoc|iPhoneSimulator.Build.0 = Release|Any CPU
		{8C55EB3A-002A-4A2C-86A2-A07BCC85FD33}.Ad-Hoc|x64.ActiveCfg = Release|Any CPU
		{8C55EB3A-002A-4A2C-86A2-A07BCC85FD33}.Ad-Hoc|x64.Build.0 = Release|Any CPU
		{8C55EB3A-002A-4A2C-86A2-A07BCC85FD33}.Ad-Hoc|x86.ActiveCfg = Release|Any CPU
		{8C55EB3A-002A-4A2C-86A2-A07BCC85FD33}.Ad-Hoc|x86.Build.0 = Release|Any CPU
		{8C55EB3A-002A-4A2C-86A2-A07BCC85FD33}.AppStore|Any CPU.ActiveCfg = Release|Any CPU
		{8C55EB3A-002A-4A2C-86A2-A07BCC85FD33}.AppStore|Any CPU.Build.0 = Release|Any CPU
		{8C55EB3A-002A-4A2C-86A2-A07BCC85FD33}.AppStore|ARM.ActiveCfg = Release|Any CPU
		{8C55EB3A-002A-4A2C-86A2-A07BCC85FD33}.AppStore|ARM.Build.0 = Release|Any CPU
		{8C55EB3A-002A-4A2C-86A2-A07BCC85FD33}.AppStore|iPhone.ActiveCfg = Release|Any CPU
		{8C55EB3A-002A-4A2C-86A2-A07BCC85FD33}.AppStore|iPhone.Build.0 = Release|Any CPU
		{8C55EB3A-002A-4A2C-86A2-A07BCC85FD33}.AppStore|iPhoneSimulator.ActiveCfg = Release|Any CPU
		{8C55EB3A-002A-4A2C-86A2-A07BCC85FD33}.AppStore|iPhoneSimulator.Build.0 = Release|Any CPU
		{8C55EB3A-002A-4A2C-86A2-A07BCC85FD33}.AppStore|x64.ActiveCfg = Release|Any CPU
		{8C55EB3A-002A-4A2C-86A2-A07BCC85FD33}.AppStore|x64.Build.0 = Release|Any CPU
		{8C55EB3A-002A-4A2C-86A2-A07BCC85FD33}.AppStore|x86.ActiveCfg = Release|Any CPU
		{8C55EB3A-002A-4A2C-86A2-A07BCC85FD33}.AppStore|x86.Build.0 = Release|Any CPU
		{8C55EB3A-002A-4A2C-86A2-A07BCC85FD33}.Debug|Any CPU.ActiveCfg = Debug|Any CPU
		{8C55EB3A-002A-4A2C-86A2-A07BCC85FD33}.Debug|Any CPU.Build.0 = Debug|Any CPU
		{8C55EB3A-002A-4A2C-86A2-A07BCC85FD33}.Debug|ARM.ActiveCfg = Debug|Any CPU
		{8C55EB3A-002A-4A2C-86A2-A07BCC85FD33}.Debug|ARM.Build.0 = Debug|Any CPU
		{8C55EB3A-002A-4A2C-86A2-A07BCC85FD33}.Debug|iPhone.ActiveCfg = Debug|Any CPU
		{8C55EB3A-002A-4A2C-86A2-A07BCC85FD33}.Debug|iPhone.Build.0 = Debug|Any CPU
		{8C55EB3A-002A-4A2C-86A2-A07BCC85FD33}.Debug|iPhoneSimulator.ActiveCfg = Debug|Any CPU
		{8C55EB3A-002A-4A2C-86A2-A07BCC85FD33}.Debug|iPhoneSimulator.Build.0 = Debug|Any CPU
		{8C55EB3A-002A-4A2C-86A2-A07BCC85FD33}.Debug|x64.ActiveCfg = Debug|Any CPU
		{8C55EB3A-002A-4A2C-86A2-A07BCC85FD33}.Debug|x64.Build.0 = Debug|Any CPU
		{8C55EB3A-002A-4A2C-86A2-A07BCC85FD33}.Debug|x86.ActiveCfg = Debug|Any CPU
		{8C55EB3A-002A-4A2C-86A2-A07BCC85FD33}.Debug|x86.Build.0 = Debug|Any CPU
		{8C55EB3A-002A-4A2C-86A2-A07BCC85FD33}.Release|Any CPU.ActiveCfg = Release|Any CPU
		{8C55EB3A-002A-4A2C-86A2-A07BCC85FD33}.Release|Any CPU.Build.0 = Release|Any CPU
		{8C55EB3A-002A-4A2C-86A2-A07BCC85FD33}.Release|ARM.ActiveCfg = Release|Any CPU
		{8C55EB3A-002A-4A2C-86A2-A07BCC85FD33}.Release|ARM.Build.0 = Release|Any CPU
		{8C55EB3A-002A-4A2C-86A2-A07BCC85FD33}.Release|iPhone.ActiveCfg = Release|Any CPU
		{8C55EB3A-002A-4A2C-86A2-A07BCC85FD33}.Release|iPhone.Build.0 = Release|Any CPU
		{8C55EB3A-002A-4A2C-86A2-A07BCC85FD33}.Release|iPhoneSimulator.ActiveCfg = Release|Any CPU
		{8C55EB3A-002A-4A2C-86A2-A07BCC85FD33}.Release|iPhoneSimulator.Build.0 = Release|Any CPU
		{8C55EB3A-002A-4A2C-86A2-A07BCC85FD33}.Release|x64.ActiveCfg = Release|Any CPU
		{8C55EB3A-002A-4A2C-86A2-A07BCC85FD33}.Release|x64.Build.0 = Release|Any CPU
		{8C55EB3A-002A-4A2C-86A2-A07BCC85FD33}.Release|x86.ActiveCfg = Release|Any CPU
		{8C55EB3A-002A-4A2C-86A2-A07BCC85FD33}.Release|x86.Build.0 = Release|Any CPU
	EndGlobalSection
	GlobalSection(SolutionProperties) = preSolution
		HideSolutionNode = FALSE
	EndGlobalSection
EndGlobal
